// !$*UTF8*$!
{
	archiveVersion = 1;
	classes = {
	};
	objectVersion = 46;
	objects = {

/* Begin PBXBuildFile section */
		638A79281DA1037800E680FC /* EventFul.xcdatamodeld in Sources */ = {isa = PBXBuildFile; fileRef = 638A79261DA1037800E680FC /* EventFul.xcdatamodeld */; };
		638A792E1DA150EC00E680FC /* DataManager.swift in Sources */ = {isa = PBXBuildFile; fileRef = 638A792D1DA150EC00E680FC /* DataManager.swift */; };
		638A79321DA29FAC00E680FC /* ListViewController.swift in Sources */ = {isa = PBXBuildFile; fileRef = 638A79311DA29FAC00E680FC /* ListViewController.swift */; };
		638A79361DA5660E00E680FC /* Assets.xcassets in Resources */ = {isa = PBXBuildFile; fileRef = 638A79351DA5660E00E680FC /* Assets.xcassets */; };
		638A79381DA6889500E680FC /* DetailViewController.swift in Sources */ = {isa = PBXBuildFile; fileRef = 638A79371DA6889500E680FC /* DetailViewController.swift */; };
		639ABF111D9C3CB300BFE7F3 /* AppDelegate.swift in Sources */ = {isa = PBXBuildFile; fileRef = 639ABF101D9C3CB300BFE7F3 /* AppDelegate.swift */; };
		639ABF161D9C3CB300BFE7F3 /* Main.storyboard in Resources */ = {isa = PBXBuildFile; fileRef = 639ABF141D9C3CB300BFE7F3 /* Main.storyboard */; };
		639ABF1E1D9C3CB300BFE7F3 /* LaunchScreen.storyboard in Resources */ = {isa = PBXBuildFile; fileRef = 639ABF1C1D9C3CB300BFE7F3 /* LaunchScreen.storyboard */; };
		63D4C2E71DAA7C6300EA71AB /* EventViewController.swift in Sources */ = {isa = PBXBuildFile; fileRef = 63D4C2E61DAA7C6300EA71AB /* EventViewController.swift */; };
		63D4C2EE1DAA7CC400EA71AB /* Event+CoreDataClass.swift in Sources */ = {isa = PBXBuildFile; fileRef = 63D4C2EC1DAA7CC400EA71AB /* Event+CoreDataClass.swift */; };
		63D4C2EF1DAA7CC400EA71AB /* Event+CoreDataProperties.swift in Sources */ = {isa = PBXBuildFile; fileRef = 63D4C2ED1DAA7CC400EA71AB /* Event+CoreDataProperties.swift */; };
		63D4C2F31DAA7FCD00EA71AB /* EventTableViewCell.swift in Sources */ = {isa = PBXBuildFile; fileRef = 63D4C2F21DAA7FCD00EA71AB /* EventTableViewCell.swift */; };
/* End PBXBuildFile section */

/* Begin PBXFileReference section */
		638A79271DA1037800E680FC /* EventFul.xcdatamodel */ = {isa = PBXFileReference; lastKnownFileType = wrapper.xcdatamodel; path = EventFul.xcdatamodel; sourceTree = "<group>"; };
		638A792D1DA150EC00E680FC /* DataManager.swift */ = {isa = PBXFileReference; fileEncoding = 4; lastKnownFileType = sourcecode.swift; path = DataManager.swift; sourceTree = "<group>"; };
		638A79311DA29FAC00E680FC /* ListViewController.swift */ = {isa = PBXFileReference; fileEncoding = 4; lastKnownFileType = sourcecode.swift; path = ListViewController.swift; sourceTree = "<group>"; };
		638A79351DA5660E00E680FC /* Assets.xcassets */ = {isa = PBXFileReference; lastKnownFileType = folder.assetcatalog; path = Assets.xcassets; sourceTree = "<group>"; };
		638A79371DA6889500E680FC /* DetailViewController.swift */ = {isa = PBXFileReference; fileEncoding = 4; lastKnownFileType = sourcecode.swift; path = DetailViewController.swift; sourceTree = "<group>"; };
		639ABF0D1D9C3CB300BFE7F3 /* EventFul.app */ = {isa = PBXFileReference; explicitFileType = wrapper.application; includeInIndex = 0; path = EventFul.app; sourceTree = BUILT_PRODUCTS_DIR; };
		639ABF101D9C3CB300BFE7F3 /* AppDelegate.swift */ = {isa = PBXFileReference; lastKnownFileType = sourcecode.swift; path = AppDelegate.swift; sourceTree = "<group>"; };
		639ABF151D9C3CB300BFE7F3 /* Base */ = {isa = PBXFileReference; lastKnownFileType = file.storyboard; name = Base; path = Base.lproj/Main.storyboard; sourceTree = "<group>"; };
		639ABF1D1D9C3CB300BFE7F3 /* Base */ = {isa = PBXFileReference; lastKnownFileType = file.storyboard; name = Base; path = Base.lproj/LaunchScreen.storyboard; sourceTree = "<group>"; };
		639ABF1F1D9C3CB300BFE7F3 /* Info.plist */ = {isa = PBXFileReference; lastKnownFileType = text.plist.xml; path = Info.plist; sourceTree = "<group>"; };
		63D4C2E61DAA7C6300EA71AB /* EventViewController.swift */ = {isa = PBXFileReference; fileEncoding = 4; lastKnownFileType = sourcecode.swift; path = EventViewController.swift; sourceTree = "<group>"; };
		63D4C2EC1DAA7CC400EA71AB /* Event+CoreDataClass.swift */ = {isa = PBXFileReference; fileEncoding = 4; lastKnownFileType = sourcecode.swift; path = "Event+CoreDataClass.swift"; sourceTree = "<group>"; };
		63D4C2ED1DAA7CC400EA71AB /* Event+CoreDataProperties.swift */ = {isa = PBXFileReference; fileEncoding = 4; lastKnownFileType = sourcecode.swift; path = "Event+CoreDataProperties.swift"; sourceTree = "<group>"; };
		63D4C2F21DAA7FCD00EA71AB /* EventTableViewCell.swift */ = {isa = PBXFileReference; fileEncoding = 4; lastKnownFileType = sourcecode.swift; path = EventTableViewCell.swift; sourceTree = "<group>"; };
/* End PBXFileReference section */

/* Begin PBXFrameworksBuildPhase section */
		639ABF0A1D9C3CB300BFE7F3 /* Frameworks */ = {
			isa = PBXFrameworksBuildPhase;
			buildActionMask = 2147483647;
			files = (
			);
			runOnlyForDeploymentPostprocessing = 0;
		};
/* End PBXFrameworksBuildPhase section */

/* Begin PBXGroup section */
		639ABF041D9C3CB300BFE7F3 = {
			isa = PBXGroup;
			children = (
				63D4C2EC1DAA7CC400EA71AB /* Event+CoreDataClass.swift */,
				63D4C2ED1DAA7CC400EA71AB /* Event+CoreDataProperties.swift */,
				639ABF0F1D9C3CB300BFE7F3 /* EventFul */,
				639ABF0E1D9C3CB300BFE7F3 /* Products */,
			);
			sourceTree = "<group>";
		};
		639ABF0E1D9C3CB300BFE7F3 /* Products */ = {
			isa = PBXGroup;
			children = (
				639ABF0D1D9C3CB300BFE7F3 /* EventFul.app */,
			);
			name = Products;
			sourceTree = "<group>";
		};
		639ABF0F1D9C3CB300BFE7F3 /* EventFul */ = {
			isa = PBXGroup;
			children = (
				639ABF101D9C3CB300BFE7F3 /* AppDelegate.swift */,
				638A792D1DA150EC00E680FC /* DataManager.swift */,
				638A79311DA29FAC00E680FC /* ListViewController.swift */,
				638A79371DA6889500E680FC /* DetailViewController.swift */,
				63D4C2E61DAA7C6300EA71AB /* EventViewController.swift */,
				63D4C2F21DAA7FCD00EA71AB /* EventTableViewCell.swift */,
				638A79351DA5660E00E680FC /* Assets.xcassets */,
				639ABF141D9C3CB300BFE7F3 /* Main.storyboard */,
				639ABF1C1D9C3CB300BFE7F3 /* LaunchScreen.storyboard */,
				638A79261DA1037800E680FC /* EventFul.xcdatamodeld */,
				639ABF1F1D9C3CB300BFE7F3 /* Info.plist */,
			);
			path = EventFul;
			sourceTree = "<group>";
		};
/* End PBXGroup section */

/* Begin PBXNativeTarget section */
		639ABF0C1D9C3CB300BFE7F3 /* EventFul */ = {
			isa = PBXNativeTarget;
			buildConfigurationList = 639ABF221D9C3CB300BFE7F3 /* Build configuration list for PBXNativeTarget "EventFul" */;
			buildPhases = (
				639ABF091D9C3CB300BFE7F3 /* Sources */,
				639ABF0A1D9C3CB300BFE7F3 /* Frameworks */,
				639ABF0B1D9C3CB300BFE7F3 /* Resources */,
			);
			buildRules = (
			);
			dependencies = (
			);
			name = EventFul;
			productName = EventFul;
			productReference = 639ABF0D1D9C3CB300BFE7F3 /* EventFul.app */;
			productType = "com.apple.product-type.application";
		};
/* End PBXNativeTarget section */

/* Begin PBXProject section */
		639ABF051D9C3CB300BFE7F3 /* Project object */ = {
			isa = PBXProject;
			attributes = {
				LastSwiftUpdateCheck = 0800;
				LastUpgradeCheck = 0800;
				ORGANIZATIONNAME = "Tracy Sablon";
				TargetAttributes = {
					639ABF0C1D9C3CB300BFE7F3 = {
						CreatedOnToolsVersion = 8.0;
						DevelopmentTeam = 3AEXBJTP8R;
						ProvisioningStyle = Automatic;
					};
				};
			};
			buildConfigurationList = 639ABF081D9C3CB300BFE7F3 /* Build configuration list for PBXProject "EventFul" */;
			compatibilityVersion = "Xcode 3.2";
			developmentRegion = English;
			hasScannedForEncodings = 0;
			knownRegions = (
				en,
				Base,
			);
			mainGroup = 639ABF041D9C3CB300BFE7F3;
			productRefGroup = 639ABF0E1D9C3CB300BFE7F3 /* Products */;
			projectDirPath = "";
			projectRoot = "";
			targets = (
				639ABF0C1D9C3CB300BFE7F3 /* EventFul */,
			);
		};
/* End PBXProject section */

/* Begin PBXResourcesBuildPhase section */
		639ABF0B1D9C3CB300BFE7F3 /* Resources */ = {
			isa = PBXResourcesBuildPhase;
			buildActionMask = 2147483647;
			files = (
				639ABF1E1D9C3CB300BFE7F3 /* LaunchScreen.storyboard in Resources */,
				638A79361DA5660E00E680FC /* Assets.xcassets in Resources */,
				639ABF161D9C3CB300BFE7F3 /* Main.storyboard in Resources */,
			);
			runOnlyForDeploymentPostprocessing = 0;
		};
/* End PBXResourcesBuildPhase section */

/* Begin PBXSourcesBuildPhase section */
		639ABF091D9C3CB300BFE7F3 /* Sources */ = {
			isa = PBXSourcesBuildPhase;
			buildActionMask = 2147483647;
			files = (
				63D4C2EF1DAA7CC400EA71AB /* Event+CoreDataProperties.swift in Sources */,
				638A792E1DA150EC00E680FC /* DataManager.swift in Sources */,
				638A79281DA1037800E680FC /* EventFul.xcdatamodeld in Sources */,
				63D4C2EE1DAA7CC400EA71AB /* Event+CoreDataClass.swift in Sources */,
				638A79381DA6889500E680FC /* DetailViewController.swift in Sources */,
				63D4C2E71DAA7C6300EA71AB /* EventViewController.swift in Sources */,
				638A79321DA29FAC00E680FC /* ListViewController.swift in Sources */,
				63D4C2F31DAA7FCD00EA71AB /* EventTableViewCell.swift in Sources */,
				639ABF111D9C3CB300BFE7F3 /* AppDelegate.swift in Sources */,
			);
			runOnlyForDeploymentPostprocessing = 0;
		};
/* End PBXSourcesBuildPhase section */

/* Begin PBXVariantGroup section */
		639ABF141D9C3CB300BFE7F3 /* Main.storyboard */ = {
			isa = PBXVariantGroup;
			children = (
				639ABF151D9C3CB300BFE7F3 /* Base */,
			);
			name = Main.storyboard;
			sourceTree = "<group>";
		};
		639ABF1C1D9C3CB300BFE7F3 /* LaunchScreen.storyboard */ = {
			isa = PBXVariantGroup;
			children = (
				639ABF1D1D9C3CB300BFE7F3 /* Base */,
			);
			name = LaunchScreen.storyboard;
			sourceTree = "<group>";
		};
/* End PBXVariantGroup section */

/* Begin XCBuildConfiguration section */
		639ABF201D9C3CB300BFE7F3 /* Debug */ = {
			isa = XCBuildConfiguration;
			buildSettings = {
				ALWAYS_SEARCH_USER_PATHS = NO;
				CLANG_ANALYZER_NONNULL = YES;
				CLANG_CXX_LANGUAGE_STANDARD = "gnu++0x";
				CLANG_CXX_LIBRARY = "libc++";
				CLANG_ENABLE_MODULES = YES;
				CLANG_ENABLE_OBJC_ARC = YES;
				CLANG_WARN_BOOL_CONVERSION = YES;
				CLANG_WARN_CONSTANT_CONVERSION = YES;
				CLANG_WARN_DIRECT_OBJC_ISA_USAGE = YES_ERROR;
				CLANG_WARN_DOCUMENTATION_COMMENTS = YES;
				CLANG_WARN_EMPTY_BODY = YES;
				CLANG_WARN_ENUM_CONVERSION = YES;
				CLANG_WARN_INFINITE_RECURSION = YES;
				CLANG_WARN_INT_CONVERSION = YES;
				CLANG_WARN_OBJC_ROOT_CLASS = YES_ERROR;
				CLANG_WARN_SUSPICIOUS_MOVES = YES;
				CLANG_WARN_UNREACHABLE_CODE = YES;
				CLANG_WARN__DUPLICATE_METHOD_MATCH = YES;
				"CODE_SIGN_IDENTITY[sdk=iphoneos*]" = "iPhone Developer";
				COPY_PHASE_STRIP = NO;
				DEBUG_INFORMATION_FORMAT = dwarf;
				ENABLE_STRICT_OBJC_MSGSEND = YES;
				ENABLE_TESTABILITY = YES;
				GCC_C_LANGUAGE_STANDARD = gnu99;
				GCC_DYNAMIC_NO_PIC = NO;
				GCC_NO_COMMON_BLOCKS = YES;
				GCC_OPTIMIZATION_LEVEL = 0;
				GCC_PREPROCESSOR_DEFINITIONS = (
					"DEBUG=1",
					"$(inherited)",
				);
				GCC_WARN_64_TO_32_BIT_CONVERSION = YES;
				GCC_WARN_ABOUT_RETURN_TYPE = YES_ERROR;
				GCC_WARN_UNDECLARED_SELECTOR = YES;
				GCC_WARN_UNINITIALIZED_AUTOS = YES_AGGRESSIVE;
				GCC_WARN_UNUSED_FUNCTION = YES;
				GCC_WARN_UNUSED_VARIABLE = YES;
				IPHONEOS_DEPLOYMENT_TARGET = 10.0;
				MTL_ENABLE_DEBUG_INFO = YES;
				ONLY_ACTIVE_ARCH = YES;
				SDKROOT = iphoneos;
				SWIFT_ACTIVE_COMPILATION_CONDITIONS = DEBUG;
				SWIFT_OPTIMIZATION_LEVEL = "-Onone";
				TARGETED_DEVICE_FAMILY = "1,2";
			};
			name = Debug;
		};
		639ABF211D9C3CB300BFE7F3 /* Release */ = {
			isa = XCBuildConfiguration;
			buildSettings = {
				ALWAYS_SEARCH_USER_PATHS = NO;
				CLANG_ANALYZER_NONNULL = YES;
				CLANG_CXX_LANGUAGE_STANDARD = "gnu++0x";
				CLANG_CXX_LIBRARY = "libc++";
				CLANG_ENABLE_MODULES = YES;
				CLANG_ENABLE_OBJC_ARC = YES;
				CLANG_WARN_BOOL_CONVERSION = YES;
				CLANG_WARN_CONSTANT_CONVERSION = YES;
				CLANG_WARN_DIRECT_OBJC_ISA_USAGE = YES_ERROR;
				CLANG_WARN_DOCUMENTATION_COMMENTS = YES;
				CLANG_WARN_EMPTY_BODY = YES;
				CLANG_WARN_ENUM_CONVERSION = YES;
				CLANG_WARN_INFINITE_RECURSION = YES;
				CLANG_WARN_INT_CONVERSION = YES;
				CLANG_WARN_OBJC_ROOT_CLASS = YES_ERROR;
				CLANG_WARN_SUSPICIOUS_MOVES = YES;
				CLANG_WARN_UNREACHABLE_CODE = YES;
				CLANG_WARN__DUPLICATE_METHOD_MATCH = YES;
				"CODE_SIGN_IDENTITY[sdk=iphoneos*]" = "iPhone Developer";
				COPY_PHASE_STRIP = NO;
				DEBUG_INFORMATION_FORMAT = "dwarf-with-dsym";
				ENABLE_NS_ASSERTIONS = NO;
				ENABLE_STRICT_OBJC_MSGSEND = YES;
				GCC_C_LANGUAGE_STANDARD = gnu99;
				GCC_NO_COMMON_BLOCKS = YES;
				GCC_WARN_64_TO_32_BIT_CONVERSION = YES;
				GCC_WARN_ABOUT_RETURN_TYPE = YES_ERROR;
				GCC_WARN_UNDECLARED_SELECTOR = YES;
				GCC_WARN_UNINITIALIZED_AUTOS = YES_AGGRESSIVE;
				GCC_WARN_UNUSED_FUNCTION = YES;
				GCC_WARN_UNUSED_VARIABLE = YES;
				IPHONEOS_DEPLOYMENT_TARGET = 10.0;
				MTL_ENABLE_DEBUG_INFO = NO;
				SDKROOT = iphoneos;
				SWIFT_OPTIMIZATION_LEVEL = "-Owholemodule";
				TARGETED_DEVICE_FAMILY = "1,2";
				VALIDATE_PRODUCT = YES;
			};
			name = Release;
		};
		639ABF231D9C3CB300BFE7F3 /* Debug */ = {
			isa = XCBuildConfiguration;
			buildSettings = {
				ASSETCATALOG_COMPILER_APPICON_NAME = AppIcon;
				CODE_SIGN_IDENTITY = "";
				"CODE_SIGN_IDENTITY[sdk=iphoneos*]" = "iPhone Developer";
				DEVELOPMENT_TEAM = 3AEXBJTP8R;
				INFOPLIST_FILE = EventFul/Info.plist;
				IPHONEOS_DEPLOYMENT_TARGET = 8.0;
				LD_RUNPATH_SEARCH_PATHS = "$(inherited) @executable_path/Frameworks";
				PRODUCT_BUNDLE_IDENTIFIER = EventFul;
				PRODUCT_NAME = "$(TARGET_NAME)";
				PROVISIONING_PROFILE = "";
				SWIFT_VERSION = 3.0;
			};
			name = Debug;
		};
		639ABF241D9C3CB300BFE7F3 /* Release */ = {
			isa = XCBuildConfiguration;
			buildSettings = {
				ASSETCATALOG_COMPILER_APPICON_NAME = AppIcon;
				CODE_SIGN_IDENTITY = "";
				"CODE_SIGN_IDENTITY[sdk=iphoneos*]" = "iPhone Developer";
				DEVELOPMENT_TEAM = 3AEXBJTP8R;
				INFOPLIST_FILE = EventFul/Info.plist;
				IPHONEOS_DEPLOYMENT_TARGET = 8.0;
				LD_RUNPATH_SEARCH_PATHS = "$(inherited) @executable_path/Frameworks";
				PRODUCT_BUNDLE_IDENTIFIER = EventFul;
				PRODUCT_NAME = "$(TARGET_NAME)";
				PROVISIONING_PROFILE = "";
				SWIFT_VERSION = 3.0;
			};
			name = Release;
		};
/* End XCBuildConfiguration section */

/* Begin XCConfigurationList section */
		639ABF081D9C3CB300BFE7F3 /* Build configuration list for PBXProject "EventFul" */ = {
			isa = XCConfigurationList;
			buildConfigurations = (
				639ABF201D9C3CB300BFE7F3 /* Debug */,
				639ABF211D9C3CB300BFE7F3 /* Release */,
			);
			defaultConfigurationIsVisible = 0;
			defaultConfigurationName = Release;
		};
		639ABF221D9C3CB300BFE7F3 /* Build configuration list for PBXNativeTarget "EventFul" */ = {
			isa = XCConfigurationList;
			buildConfigurations = (
				639ABF231D9C3CB300BFE7F3 /* Debug */,
				639ABF241D9C3CB300BFE7F3 /* Release */,
			);
			defaultConfigurationIsVisible = 0;
			defaultConfigurationName = Release;
		};
/* End XCConfigurationList section */

/* Begin XCVersionGroup section */
		638A79261DA1037800E680FC /* EventFul.xcdatamodeld */ = {
			isa = XCVersionGroup;
			children = (
				638A79271DA1037800E680FC /* EventFul.xcdatamodel */,
			);
			currentVersion = 638A79271DA1037800E680FC /* EventFul.xcdatamodel */;
			path = EventFul.xcdatamodeld;
			sourceTree = "<group>";
			versionGroupType = wrapper.xcdatamodel;
		};
/* End XCVersionGroup section */
	};
	rootObject = 639ABF051D9C3CB300BFE7F3 /* Project object */;
}
